// !$*UTF8*$!
{
	archiveVersion = 1;
	classes = {
	};
	objectVersion = 51;
	objects = {

/* Begin PBXBuildFile section */
		56762ABC23871E3C000E8501 /* Assets.xcassets in Resources */ = {isa = PBXBuildFile; fileRef = 56762ABB23871E3C000E8501 /* Assets.xcassets */; };
		56762AC923872011000E8501 /* SceneDelegate.swift in Sources */ = {isa = PBXBuildFile; fileRef = 56762AC723872011000E8501 /* SceneDelegate.swift */; };
		56762ACA23872011000E8501 /* AppDelegate.swift in Sources */ = {isa = PBXBuildFile; fileRef = 56762AC823872011000E8501 /* AppDelegate.swift */; };
		56762AE423872025000E8501 /* Constants.swift in Sources */ = {isa = PBXBuildFile; fileRef = 56762ACC23872024000E8501 /* Constants.swift */; };
		56762AE523872025000E8501 /* Environment.swift in Sources */ = {isa = PBXBuildFile; fileRef = 56762ACD23872024000E8501 /* Environment.swift */; };
		56762AE623872025000E8501 /* ApiManager.swift in Sources */ = {isa = PBXBuildFile; fileRef = 56762ACE23872024000E8501 /* ApiManager.swift */; };
		56762AE723872025000E8501 /* Dependency.swift in Sources */ = {isa = PBXBuildFile; fileRef = 56762ACF23872024000E8501 /* Dependency.swift */; };
		56762AE823872025000E8501 /* BaseViewModel.swift in Sources */ = {isa = PBXBuildFile; fileRef = 56762AD123872025000E8501 /* BaseViewModel.swift */; };
		56762AE923872025000E8501 /* SplashScreenViewModel.swift in Sources */ = {isa = PBXBuildFile; fileRef = 56762AD223872025000E8501 /* SplashScreenViewModel.swift */; };
		56762AEA23872025000E8501 /* AppCoordinator.swift in Sources */ = {isa = PBXBuildFile; fileRef = 56762AD423872025000E8501 /* AppCoordinator.swift */; };
		56762AEB23872025000E8501 /* SplashScreenCoordinator.swift in Sources */ = {isa = PBXBuildFile; fileRef = 56762AD523872025000E8501 /* SplashScreenCoordinator.swift */; };
		56762AEC23872025000E8501 /* BaseCoordinator.swift in Sources */ = {isa = PBXBuildFile; fileRef = 56762AD623872025000E8501 /* BaseCoordinator.swift */; };
		56762AED23872025000E8501 /* BaseModel.swift in Sources */ = {isa = PBXBuildFile; fileRef = 56762AD823872025000E8501 /* BaseModel.swift */; };
		56762AEE23872025000E8501 /* BaseViewController.swift in Sources */ = {isa = PBXBuildFile; fileRef = 56762ADB23872025000E8501 /* BaseViewController.swift */; };
		56762AEF23872025000E8501 /* SplashScreenViewController.swift in Sources */ = {isa = PBXBuildFile; fileRef = 56762ADC23872025000E8501 /* SplashScreenViewController.swift */; };
		56762AF023872025000E8501 /* Logger.swift in Sources */ = {isa = PBXBuildFile; fileRef = 56762ADE23872025000E8501 /* Logger.swift */; };
		56762AF123872025000E8501 /* SlimLogglyDestinationConfig.swift in Sources */ = {isa = PBXBuildFile; fileRef = 56762ADF23872025000E8501 /* SlimLogglyDestinationConfig.swift */; };
		56762AF223872025000E8501 /* SlimLogglyDestination.swift in Sources */ = {isa = PBXBuildFile; fileRef = 56762AE023872025000E8501 /* SlimLogglyDestination.swift */; };
		56762AF323872025000E8501 /* SlimLogger.swift in Sources */ = {isa = PBXBuildFile; fileRef = 56762AE123872025000E8501 /* SlimLogger.swift */; };
		56762AF423872025000E8501 /* SlimLoggerConfig.swift in Sources */ = {isa = PBXBuildFile; fileRef = 56762AE223872025000E8501 /* SlimLoggerConfig.swift */; };
		56762AF9238AF51E000E8501 /* NSLayoutConstraint+Ext.swift in Sources */ = {isa = PBXBuildFile; fileRef = 56762AF8238AF51E000E8501 /* NSLayoutConstraint+Ext.swift */; };
		56762AFB238AF5B3000E8501 /* UIView+Ext.swift in Sources */ = {isa = PBXBuildFile; fileRef = 56762AFA238AF5B3000E8501 /* UIView+Ext.swift */; };
		816D7ED91EECED77BDB05C27 /* Pods_FisherMan.framework in Frameworks */ = {isa = PBXBuildFile; fileRef = 42B196C22296908FFBAAF7CE /* Pods_FisherMan.framework */; };
		AC839852238DA9650031E4B7 /* UIDevice+Ext.swift in Sources */ = {isa = PBXBuildFile; fileRef = AC839851238DA9650031E4B7 /* UIDevice+Ext.swift */; };
/* End PBXBuildFile section */

/* Begin PBXFileReference section */
		42B196C22296908FFBAAF7CE /* Pods_FisherMan.framework */ = {isa = PBXFileReference; explicitFileType = wrapper.framework; includeInIndex = 0; path = Pods_FisherMan.framework; sourceTree = BUILT_PRODUCTS_DIR; };
		44C52F0F0FB73CA1DA147014 /* Pods-FisherMan.release.xcconfig */ = {isa = PBXFileReference; includeInIndex = 1; lastKnownFileType = text.xcconfig; name = "Pods-FisherMan.release.xcconfig"; path = "Target Support Files/Pods-FisherMan/Pods-FisherMan.release.xcconfig"; sourceTree = "<group>"; };
		56762AAF23871E3C000E8501 /* FisherMan.app */ = {isa = PBXFileReference; explicitFileType = wrapper.application; includeInIndex = 0; path = FisherMan.app; sourceTree = BUILT_PRODUCTS_DIR; };
		56762ABB23871E3C000E8501 /* Assets.xcassets */ = {isa = PBXFileReference; lastKnownFileType = folder.assetcatalog; path = Assets.xcassets; sourceTree = "<group>"; };
		56762AC023871E3C000E8501 /* Info.plist */ = {isa = PBXFileReference; lastKnownFileType = text.plist.xml; path = Info.plist; sourceTree = "<group>"; };
		56762AC723872011000E8501 /* SceneDelegate.swift */ = {isa = PBXFileReference; fileEncoding = 4; lastKnownFileType = sourcecode.swift; path = SceneDelegate.swift; sourceTree = "<group>"; };
		56762AC823872011000E8501 /* AppDelegate.swift */ = {isa = PBXFileReference; fileEncoding = 4; lastKnownFileType = sourcecode.swift; path = AppDelegate.swift; sourceTree = "<group>"; };
		56762ACC23872024000E8501 /* Constants.swift */ = {isa = PBXFileReference; fileEncoding = 4; lastKnownFileType = sourcecode.swift; path = Constants.swift; sourceTree = "<group>"; };
		56762ACD23872024000E8501 /* Environment.swift */ = {isa = PBXFileReference; fileEncoding = 4; lastKnownFileType = sourcecode.swift; path = Environment.swift; sourceTree = "<group>"; };
		56762ACE23872024000E8501 /* ApiManager.swift */ = {isa = PBXFileReference; fileEncoding = 4; lastKnownFileType = sourcecode.swift; path = ApiManager.swift; sourceTree = "<group>"; };
		56762ACF23872024000E8501 /* Dependency.swift */ = {isa = PBXFileReference; fileEncoding = 4; lastKnownFileType = sourcecode.swift; path = Dependency.swift; sourceTree = "<group>"; };
		56762AD123872025000E8501 /* BaseViewModel.swift */ = {isa = PBXFileReference; fileEncoding = 4; lastKnownFileType = sourcecode.swift; path = BaseViewModel.swift; sourceTree = "<group>"; };
		56762AD223872025000E8501 /* SplashScreenViewModel.swift */ = {isa = PBXFileReference; fileEncoding = 4; lastKnownFileType = sourcecode.swift; path = SplashScreenViewModel.swift; sourceTree = "<group>"; };
		56762AD423872025000E8501 /* AppCoordinator.swift */ = {isa = PBXFileReference; fileEncoding = 4; lastKnownFileType = sourcecode.swift; path = AppCoordinator.swift; sourceTree = "<group>"; };
		56762AD523872025000E8501 /* SplashScreenCoordinator.swift */ = {isa = PBXFileReference; fileEncoding = 4; lastKnownFileType = sourcecode.swift; path = SplashScreenCoordinator.swift; sourceTree = "<group>"; };
		56762AD623872025000E8501 /* BaseCoordinator.swift */ = {isa = PBXFileReference; fileEncoding = 4; lastKnownFileType = sourcecode.swift; path = BaseCoordinator.swift; sourceTree = "<group>"; };
		56762AD823872025000E8501 /* BaseModel.swift */ = {isa = PBXFileReference; fileEncoding = 4; lastKnownFileType = sourcecode.swift; path = BaseModel.swift; sourceTree = "<group>"; };
		56762ADB23872025000E8501 /* BaseViewController.swift */ = {isa = PBXFileReference; fileEncoding = 4; lastKnownFileType = sourcecode.swift; path = BaseViewController.swift; sourceTree = "<group>"; };
		56762ADC23872025000E8501 /* SplashScreenViewController.swift */ = {isa = PBXFileReference; fileEncoding = 4; lastKnownFileType = sourcecode.swift; path = SplashScreenViewController.swift; sourceTree = "<group>"; };
		56762ADE23872025000E8501 /* Logger.swift */ = {isa = PBXFileReference; fileEncoding = 4; lastKnownFileType = sourcecode.swift; path = Logger.swift; sourceTree = "<group>"; };
		56762ADF23872025000E8501 /* SlimLogglyDestinationConfig.swift */ = {isa = PBXFileReference; fileEncoding = 4; lastKnownFileType = sourcecode.swift; path = SlimLogglyDestinationConfig.swift; sourceTree = "<group>"; };
		56762AE023872025000E8501 /* SlimLogglyDestination.swift */ = {isa = PBXFileReference; fileEncoding = 4; lastKnownFileType = sourcecode.swift; path = SlimLogglyDestination.swift; sourceTree = "<group>"; };
		56762AE123872025000E8501 /* SlimLogger.swift */ = {isa = PBXFileReference; fileEncoding = 4; lastKnownFileType = sourcecode.swift; path = SlimLogger.swift; sourceTree = "<group>"; };
		56762AE223872025000E8501 /* SlimLoggerConfig.swift */ = {isa = PBXFileReference; fileEncoding = 4; lastKnownFileType = sourcecode.swift; path = SlimLoggerConfig.swift; sourceTree = "<group>"; };
		56762AF8238AF51E000E8501 /* NSLayoutConstraint+Ext.swift */ = {isa = PBXFileReference; fileEncoding = 4; lastKnownFileType = sourcecode.swift; path = "NSLayoutConstraint+Ext.swift"; sourceTree = "<group>"; };
		56762AFA238AF5B3000E8501 /* UIView+Ext.swift */ = {isa = PBXFileReference; fileEncoding = 4; lastKnownFileType = sourcecode.swift; path = "UIView+Ext.swift"; sourceTree = "<group>"; };
		AC839851238DA9650031E4B7 /* UIDevice+Ext.swift */ = {isa = PBXFileReference; lastKnownFileType = sourcecode.swift; path = "UIDevice+Ext.swift"; sourceTree = "<group>"; };
		DAC7FFEDBF64AF3563EAF957 /* Pods-FisherMan.debug.xcconfig */ = {isa = PBXFileReference; includeInIndex = 1; lastKnownFileType = text.xcconfig; name = "Pods-FisherMan.debug.xcconfig"; path = "Target Support Files/Pods-FisherMan/Pods-FisherMan.debug.xcconfig"; sourceTree = "<group>"; };
		E61563E446FE8E2A850A2327 /* Pods-FisherMan.dev.xcconfig */ = {isa = PBXFileReference; includeInIndex = 1; lastKnownFileType = text.xcconfig; name = "Pods-FisherMan.dev.xcconfig"; path = "Target Support Files/Pods-FisherMan/Pods-FisherMan.dev.xcconfig"; sourceTree = "<group>"; };
		EC6F8BA18619355B35AE7A0F /* Pods-FisherMan.stg.xcconfig */ = {isa = PBXFileReference; includeInIndex = 1; lastKnownFileType = text.xcconfig; name = "Pods-FisherMan.stg.xcconfig"; path = "Target Support Files/Pods-FisherMan/Pods-FisherMan.stg.xcconfig"; sourceTree = "<group>"; };
		FEDDBF03E63126229B92D144 /* Pods-FisherMan.prod.xcconfig */ = {isa = PBXFileReference; includeInIndex = 1; lastKnownFileType = text.xcconfig; name = "Pods-FisherMan.prod.xcconfig"; path = "Target Support Files/Pods-FisherMan/Pods-FisherMan.prod.xcconfig"; sourceTree = "<group>"; };
/* End PBXFileReference section */

/* Begin PBXFrameworksBuildPhase section */
		56762AAC23871E3C000E8501 /* Frameworks */ = {
			isa = PBXFrameworksBuildPhase;
			buildActionMask = 2147483647;
			files = (
				816D7ED91EECED77BDB05C27 /* Pods_FisherMan.framework in Frameworks */,
			);
			runOnlyForDeploymentPostprocessing = 0;
		};
/* End PBXFrameworksBuildPhase section */

/* Begin PBXGroup section */
		56762AA623871E3C000E8501 = {
			isa = PBXGroup;
			children = (
				56762AB123871E3C000E8501 /* FisherMan */,
				56762AB023871E3C000E8501 /* Products */,
				8D0AD4B81C2726D34A254810 /* Pods */,
				A36F55829FD51BA722192DC5 /* Frameworks */,
			);
			sourceTree = "<group>";
		};
		56762AB023871E3C000E8501 /* Products */ = {
			isa = PBXGroup;
			children = (
				56762AAF23871E3C000E8501 /* FisherMan.app */,
			);
			name = Products;
			sourceTree = "<group>";
		};
		56762AB123871E3C000E8501 /* FisherMan */ = {
			isa = PBXGroup;
			children = (
				56762AC823872011000E8501 /* AppDelegate.swift */,
				56762AC723872011000E8501 /* SceneDelegate.swift */,
				56762ACB23872024000E8501 /* CommonClasses */,
				56762AD323872025000E8501 /* Coordinators */,
				56762AE323872025000E8501 /* Extensions */,
				56762ADD23872025000E8501 /* Logger */,
				56762AD723872025000E8501 /* Models */,
				56762AF52387203A000E8501 /* Resources */,
				56762AD923872025000E8501 /* Services */,
				56762AD023872025000E8501 /* VeiwModels */,
				56762ADA23872025000E8501 /* Views */,
			);
			path = FisherMan;
			sourceTree = "<group>";
		};
		56762ACB23872024000E8501 /* CommonClasses */ = {
			isa = PBXGroup;
			children = (
				56762ACC23872024000E8501 /* Constants.swift */,
				56762ACD23872024000E8501 /* Environment.swift */,
				56762ACE23872024000E8501 /* ApiManager.swift */,
				56762ACF23872024000E8501 /* Dependency.swift */,
			);
			path = CommonClasses;
			sourceTree = "<group>";
		};
		56762AD023872025000E8501 /* VeiwModels */ = {
			isa = PBXGroup;
			children = (
				56762AD123872025000E8501 /* BaseViewModel.swift */,
				56762AD223872025000E8501 /* SplashScreenViewModel.swift */,
			);
			path = VeiwModels;
			sourceTree = "<group>";
		};
		56762AD323872025000E8501 /* Coordinators */ = {
			isa = PBXGroup;
			children = (
				56762AD423872025000E8501 /* AppCoordinator.swift */,
				56762AD523872025000E8501 /* SplashScreenCoordinator.swift */,
				56762AD623872025000E8501 /* BaseCoordinator.swift */,
			);
			path = Coordinators;
			sourceTree = "<group>";
		};
		56762AD723872025000E8501 /* Models */ = {
			isa = PBXGroup;
			children = (
				56762AD823872025000E8501 /* BaseModel.swift */,
			);
			path = Models;
			sourceTree = "<group>";
		};
		56762AD923872025000E8501 /* Services */ = {
			isa = PBXGroup;
			children = (
			);
			path = Services;
			sourceTree = "<group>";
		};
		56762ADA23872025000E8501 /* Views */ = {
			isa = PBXGroup;
			children = (
				56762AFC238AFE0E000E8501 /* Views */,
				56762ADB23872025000E8501 /* BaseViewController.swift */,
				56762ADC23872025000E8501 /* SplashScreenViewController.swift */,
			);
			path = Views;
			sourceTree = "<group>";
		};
		56762ADD23872025000E8501 /* Logger */ = {
			isa = PBXGroup;
			children = (
				56762ADE23872025000E8501 /* Logger.swift */,
				56762ADF23872025000E8501 /* SlimLogglyDestinationConfig.swift */,
				56762AE023872025000E8501 /* SlimLogglyDestination.swift */,
				56762AE123872025000E8501 /* SlimLogger.swift */,
				56762AE223872025000E8501 /* SlimLoggerConfig.swift */,
			);
			path = Logger;
			sourceTree = "<group>";
		};
		56762AE323872025000E8501 /* Extensions */ = {
			isa = PBXGroup;
			children = (
				56762AF8238AF51E000E8501 /* NSLayoutConstraint+Ext.swift */,
				56762AFA238AF5B3000E8501 /* UIView+Ext.swift */,
				AC839851238DA9650031E4B7 /* UIDevice+Ext.swift */,
			);
			path = Extensions;
			sourceTree = "<group>";
		};
		56762AF52387203A000E8501 /* Resources */ = {
			isa = PBXGroup;
			children = (
				56762ABB23871E3C000E8501 /* Assets.xcassets */,
				56762AC023871E3C000E8501 /* Info.plist */,
			);
			path = Resources;
			sourceTree = "<group>";
		};
		56762AFC238AFE0E000E8501 /* Views */ = {
			isa = PBXGroup;
			children = (
			);
			path = Views;
			sourceTree = "<group>";
		};
		8D0AD4B81C2726D34A254810 /* Pods */ = {
			isa = PBXGroup;
			children = (
				DAC7FFEDBF64AF3563EAF957 /* Pods-FisherMan.debug.xcconfig */,
				44C52F0F0FB73CA1DA147014 /* Pods-FisherMan.release.xcconfig */,
				E61563E446FE8E2A850A2327 /* Pods-FisherMan.dev.xcconfig */,
				EC6F8BA18619355B35AE7A0F /* Pods-FisherMan.stg.xcconfig */,
				FEDDBF03E63126229B92D144 /* Pods-FisherMan.prod.xcconfig */,
			);
			path = Pods;
			sourceTree = "<group>";
		};
		A36F55829FD51BA722192DC5 /* Frameworks */ = {
			isa = PBXGroup;
			children = (
				42B196C22296908FFBAAF7CE /* Pods_FisherMan.framework */,
			);
			name = Frameworks;
			sourceTree = "<group>";
		};
/* End PBXGroup section */

/* Begin PBXNativeTarget section */
		56762AAE23871E3C000E8501 /* FisherMan */ = {
			isa = PBXNativeTarget;
			buildConfigurationList = 56762AC323871E3C000E8501 /* Build configuration list for PBXNativeTarget "FisherMan" */;
			buildPhases = (
				AD5D15F2457BB4E874324AE0 /* [CP] Check Pods Manifest.lock */,
				56762AAB23871E3C000E8501 /* Sources */,
				56762AAC23871E3C000E8501 /* Frameworks */,
				56762AAD23871E3C000E8501 /* Resources */,
				82666871551CFED9AF3E9DAF /* [CP] Embed Pods Frameworks */,
				56762AC623871E9F000E8501 /* SwiftLint */,
			);
			buildRules = (
			);
			dependencies = (
			);
			name = FisherMan;
			productName = FisherMan;
			productReference = 56762AAF23871E3C000E8501 /* FisherMan.app */;
			productType = "com.apple.product-type.application";
		};
/* End PBXNativeTarget section */

/* Begin PBXProject section */
		56762AA723871E3C000E8501 /* Project object */ = {
			isa = PBXProject;
			attributes = {
				LastSwiftUpdateCheck = 1120;
				LastUpgradeCheck = 1120;
				ORGANIZATIONNAME = GYS;
				TargetAttributes = {
					56762AAE23871E3C000E8501 = {
						CreatedOnToolsVersion = 11.2.1;
						LastSwiftMigration = 1120;
					};
				};
			};
			buildConfigurationList = 56762AAA23871E3C000E8501 /* Build configuration list for PBXProject "FisherMan" */;
			compatibilityVersion = "Xcode 9.3";
			developmentRegion = en;
			hasScannedForEncodings = 0;
			knownRegions = (
				en,
				Base,
			);
			mainGroup = 56762AA623871E3C000E8501;
			productRefGroup = 56762AB023871E3C000E8501 /* Products */;
			projectDirPath = "";
			projectRoot = "";
			targets = (
				56762AAE23871E3C000E8501 /* FisherMan */,
			);
		};
/* End PBXProject section */

/* Begin PBXResourcesBuildPhase section */
		56762AAD23871E3C000E8501 /* Resources */ = {
			isa = PBXResourcesBuildPhase;
			buildActionMask = 2147483647;
			files = (
				56762ABC23871E3C000E8501 /* Assets.xcassets in Resources */,
			);
			runOnlyForDeploymentPostprocessing = 0;
		};
/* End PBXResourcesBuildPhase section */

/* Begin PBXShellScriptBuildPhase section */
		56762AC623871E9F000E8501 /* SwiftLint */ = {
			isa = PBXShellScriptBuildPhase;
			buildActionMask = 2147483647;
			files = (
			);
			inputFileListPaths = (
			);
			inputPaths = (
			);
			name = SwiftLint;
			outputFileListPaths = (
			);
			outputPaths = (
			);
			runOnlyForDeploymentPostprocessing = 0;
			shellPath = /bin/sh;
			shellScript = "if which swiftlint >/dev/null; then\n  swiftlint\nelse\n  echo \"warning: SwiftLint not installed, download from https://github.com/realm/SwiftLint\"\nfi\n";
		};
		82666871551CFED9AF3E9DAF /* [CP] Embed Pods Frameworks */ = {
			isa = PBXShellScriptBuildPhase;
			buildActionMask = 2147483647;
			files = (
			);
			inputFileListPaths = (
				"${PODS_ROOT}/Target Support Files/Pods-FisherMan/Pods-FisherMan-frameworks-${CONFIGURATION}-input-files.xcfilelist",
			);
			name = "[CP] Embed Pods Frameworks";
			outputFileListPaths = (
				"${PODS_ROOT}/Target Support Files/Pods-FisherMan/Pods-FisherMan-frameworks-${CONFIGURATION}-output-files.xcfilelist",
			);
			runOnlyForDeploymentPostprocessing = 0;
			shellPath = /bin/sh;
			shellScript = "\"${PODS_ROOT}/Target Support Files/Pods-FisherMan/Pods-FisherMan-frameworks.sh\"\n";
			showEnvVarsInLog = 0;
		};
		AD5D15F2457BB4E874324AE0 /* [CP] Check Pods Manifest.lock */ = {
			isa = PBXShellScriptBuildPhase;
			buildActionMask = 2147483647;
			files = (
			);
			inputFileListPaths = (
			);
			inputPaths = (
				"${PODS_PODFILE_DIR_PATH}/Podfile.lock",
				"${PODS_ROOT}/Manifest.lock",
			);
			name = "[CP] Check Pods Manifest.lock";
			outputFileListPaths = (
			);
			outputPaths = (
				"$(DERIVED_FILE_DIR)/Pods-FisherMan-checkManifestLockResult.txt",
			);
			runOnlyForDeploymentPostprocessing = 0;
			shellPath = /bin/sh;
			shellScript = "diff \"${PODS_PODFILE_DIR_PATH}/Podfile.lock\" \"${PODS_ROOT}/Manifest.lock\" > /dev/null\nif [ $? != 0 ] ; then\n    # print error to STDERR\n    echo \"error: The sandbox is not in sync with the Podfile.lock. Run 'pod install' or update your CocoaPods installation.\" >&2\n    exit 1\nfi\n# This output is used by Xcode 'outputs' to avoid re-running this script phase.\necho \"SUCCESS\" > \"${SCRIPT_OUTPUT_FILE_0}\"\n";
			showEnvVarsInLog = 0;
		};
/* End PBXShellScriptBuildPhase section */

/* Begin PBXSourcesBuildPhase section */
		56762AAB23871E3C000E8501 /* Sources */ = {
			isa = PBXSourcesBuildPhase;
			buildActionMask = 2147483647;
			files = (
				56762AEE23872025000E8501 /* BaseViewController.swift in Sources */,
				56762AE723872025000E8501 /* Dependency.swift in Sources */,
				56762AEF23872025000E8501 /* SplashScreenViewController.swift in Sources */,
				56762ACA23872011000E8501 /* AppDelegate.swift in Sources */,
				56762AE523872025000E8501 /* Environment.swift in Sources */,
				56762AF123872025000E8501 /* SlimLogglyDestinationConfig.swift in Sources */,
				56762AE823872025000E8501 /* BaseViewModel.swift in Sources */,
				56762AE623872025000E8501 /* ApiManager.swift in Sources */,
				56762AF223872025000E8501 /* SlimLogglyDestination.swift in Sources */,
				56762AE923872025000E8501 /* SplashScreenViewModel.swift in Sources */,
				56762AED23872025000E8501 /* BaseModel.swift in Sources */,
				56762AFB238AF5B3000E8501 /* UIView+Ext.swift in Sources */,
				56762AF9238AF51E000E8501 /* NSLayoutConstraint+Ext.swift in Sources */,
				56762AEA23872025000E8501 /* AppCoordinator.swift in Sources */,
				56762AF423872025000E8501 /* SlimLoggerConfig.swift in Sources */,
				56762AF323872025000E8501 /* SlimLogger.swift in Sources */,
				56762AF023872025000E8501 /* Logger.swift in Sources */,
				56762AC923872011000E8501 /* SceneDelegate.swift in Sources */,
				56762AE423872025000E8501 /* Constants.swift in Sources */,
				AC839852238DA9650031E4B7 /* UIDevice+Ext.swift in Sources */,
				56762AEC23872025000E8501 /* BaseCoordinator.swift in Sources */,
				56762AEB23872025000E8501 /* SplashScreenCoordinator.swift in Sources */,
			);
			runOnlyForDeploymentPostprocessing = 0;
		};
/* End PBXSourcesBuildPhase section */

/* Begin XCBuildConfiguration section */
		56762AC123871E3C000E8501 /* DEV */ = {
			isa = XCBuildConfiguration;
			buildSettings = {
				ALWAYS_SEARCH_USER_PATHS = NO;
				CLANG_ANALYZER_NONNULL = YES;
				CLANG_ANALYZER_NUMBER_OBJECT_CONVERSION = YES_AGGRESSIVE;
				CLANG_CXX_LANGUAGE_STANDARD = "gnu++14";
				CLANG_CXX_LIBRARY = "libc++";
				CLANG_ENABLE_MODULES = YES;
				CLANG_ENABLE_OBJC_ARC = YES;
				CLANG_ENABLE_OBJC_WEAK = YES;
				CLANG_WARN_BLOCK_CAPTURE_AUTORELEASING = YES;
				CLANG_WARN_BOOL_CONVERSION = YES;
				CLANG_WARN_COMMA = YES;
				CLANG_WARN_CONSTANT_CONVERSION = YES;
				CLANG_WARN_DEPRECATED_OBJC_IMPLEMENTATIONS = YES;
				CLANG_WARN_DIRECT_OBJC_ISA_USAGE = YES_ERROR;
				CLANG_WARN_DOCUMENTATION_COMMENTS = YES;
				CLANG_WARN_EMPTY_BODY = YES;
				CLANG_WARN_ENUM_CONVERSION = YES;
				CLANG_WARN_INFINITE_RECURSION = YES;
				CLANG_WARN_INT_CONVERSION = YES;
				CLANG_WARN_NON_LITERAL_NULL_CONVERSION = YES;
				CLANG_WARN_OBJC_IMPLICIT_RETAIN_SELF = YES;
				CLANG_WARN_OBJC_LITERAL_CONVERSION = YES;
				CLANG_WARN_OBJC_ROOT_CLASS = YES_ERROR;
				CLANG_WARN_RANGE_LOOP_ANALYSIS = YES;
				CLANG_WARN_STRICT_PROTOTYPES = YES;
				CLANG_WARN_SUSPICIOUS_MOVE = YES;
				CLANG_WARN_UNGUARDED_AVAILABILITY = YES_AGGRESSIVE;
				CLANG_WARN_UNREACHABLE_CODE = YES;
				CLANG_WARN__DUPLICATE_METHOD_MATCH = YES;
				COPY_PHASE_STRIP = NO;
				DEBUG_INFORMATION_FORMAT = dwarf;
				ENABLE_STRICT_OBJC_MSGSEND = YES;
				ENABLE_TESTABILITY = YES;
				GCC_C_LANGUAGE_STANDARD = gnu11;
				GCC_DYNAMIC_NO_PIC = NO;
				GCC_NO_COMMON_BLOCKS = YES;
				GCC_OPTIMIZATION_LEVEL = 0;
				GCC_PREPROCESSOR_DEFINITIONS = (
					"DEBUG=1",
					"$(inherited)",
				);
				GCC_WARN_64_TO_32_BIT_CONVERSION = YES;
				GCC_WARN_ABOUT_RETURN_TYPE = YES_ERROR;
				GCC_WARN_UNDECLARED_SELECTOR = YES;
				GCC_WARN_UNINITIALIZED_AUTOS = YES_AGGRESSIVE;
				GCC_WARN_UNUSED_FUNCTION = YES;
				GCC_WARN_UNUSED_VARIABLE = YES;
				IPHONEOS_DEPLOYMENT_TARGET = 13.2;
				MTL_ENABLE_DEBUG_INFO = INCLUDE_SOURCE;
				MTL_FAST_MATH = YES;
				ONLY_ACTIVE_ARCH = YES;
				SDKROOT = iphoneos;
				SWIFT_ACTIVE_COMPILATION_CONDITIONS = DEBUG;
				SWIFT_OPTIMIZATION_LEVEL = "-Onone";
			};
			name = DEV;
		};
		56762AC223871E3C000E8501 /* STG */ = {
			isa = XCBuildConfiguration;
			buildSettings = {
				ALWAYS_SEARCH_USER_PATHS = NO;
				CLANG_ANALYZER_NONNULL = YES;
				CLANG_ANALYZER_NUMBER_OBJECT_CONVERSION = YES_AGGRESSIVE;
				CLANG_CXX_LANGUAGE_STANDARD = "gnu++14";
				CLANG_CXX_LIBRARY = "libc++";
				CLANG_ENABLE_MODULES = YES;
				CLANG_ENABLE_OBJC_ARC = YES;
				CLANG_ENABLE_OBJC_WEAK = YES;
				CLANG_WARN_BLOCK_CAPTURE_AUTORELEASING = YES;
				CLANG_WARN_BOOL_CONVERSION = YES;
				CLANG_WARN_COMMA = YES;
				CLANG_WARN_CONSTANT_CONVERSION = YES;
				CLANG_WARN_DEPRECATED_OBJC_IMPLEMENTATIONS = YES;
				CLANG_WARN_DIRECT_OBJC_ISA_USAGE = YES_ERROR;
				CLANG_WARN_DOCUMENTATION_COMMENTS = YES;
				CLANG_WARN_EMPTY_BODY = YES;
				CLANG_WARN_ENUM_CONVERSION = YES;
				CLANG_WARN_INFINITE_RECURSION = YES;
				CLANG_WARN_INT_CONVERSION = YES;
				CLANG_WARN_NON_LITERAL_NULL_CONVERSION = YES;
				CLANG_WARN_OBJC_IMPLICIT_RETAIN_SELF = YES;
				CLANG_WARN_OBJC_LITERAL_CONVERSION = YES;
				CLANG_WARN_OBJC_ROOT_CLASS = YES_ERROR;
				CLANG_WARN_RANGE_LOOP_ANALYSIS = YES;
				CLANG_WARN_STRICT_PROTOTYPES = YES;
				CLANG_WARN_SUSPICIOUS_MOVE = YES;
				CLANG_WARN_UNGUARDED_AVAILABILITY = YES_AGGRESSIVE;
				CLANG_WARN_UNREACHABLE_CODE = YES;
				CLANG_WARN__DUPLICATE_METHOD_MATCH = YES;
				COPY_PHASE_STRIP = NO;
				DEBUG_INFORMATION_FORMAT = "dwarf-with-dsym";
				ENABLE_NS_ASSERTIONS = NO;
				ENABLE_STRICT_OBJC_MSGSEND = YES;
				GCC_C_LANGUAGE_STANDARD = gnu11;
				GCC_NO_COMMON_BLOCKS = YES;
				GCC_WARN_64_TO_32_BIT_CONVERSION = YES;
				GCC_WARN_ABOUT_RETURN_TYPE = YES_ERROR;
				GCC_WARN_UNDECLARED_SELECTOR = YES;
				GCC_WARN_UNINITIALIZED_AUTOS = YES_AGGRESSIVE;
				GCC_WARN_UNUSED_FUNCTION = YES;
				GCC_WARN_UNUSED_VARIABLE = YES;
				IPHONEOS_DEPLOYMENT_TARGET = 13.2;
				MTL_ENABLE_DEBUG_INFO = NO;
				MTL_FAST_MATH = YES;
				SDKROOT = iphoneos;
				SWIFT_COMPILATION_MODE = wholemodule;
				SWIFT_OPTIMIZATION_LEVEL = "-O";
				VALIDATE_PRODUCT = YES;
			};
			name = STG;
		};
		56762AC423871E3C000E8501 /* DEV */ = {
			isa = XCBuildConfiguration;
			baseConfigurationReference = E61563E446FE8E2A850A2327 /* Pods-FisherMan.dev.xcconfig */;
			buildSettings = {
				ASSETCATALOG_COMPILER_APPICON_NAME = AppIcon;
				CLANG_ENABLE_MODULES = YES;
				CODE_SIGN_IDENTITY = "iPhone Developer";
				CODE_SIGN_STYLE = Manual;
				DEVELOPMENT_TEAM = 6UZ9CJ983B;
				ENV = DEV;
				INFOPLIST_FILE = FisherMan/Resources/Info.plist;
				LD_RUNPATH_SEARCH_PATHS = (
					"$(inherited)",
					"@executable_path/Frameworks",
				);
				PRODUCT_BUNDLE_IDENTIFIER = work.TestPushCounterBitBonSpace;
				PRODUCT_NAME = "$(TARGET_NAME)";
				PROVISIONING_PROFILE_SPECIFIER = TeshPushCounterBitBonSpace_Develop_Provisioning;
				SWIFT_OPTIMIZATION_LEVEL = "-Onone";
				SWIFT_VERSION = 5.0;
				TARGETED_DEVICE_FAMILY = 1;
			};
			name = DEV;
		};
		56762AC523871E3C000E8501 /* STG */ = {
			isa = XCBuildConfiguration;
			baseConfigurationReference = EC6F8BA18619355B35AE7A0F /* Pods-FisherMan.stg.xcconfig */;
			buildSettings = {
				ASSETCATALOG_COMPILER_APPICON_NAME = AppIcon;
				CLANG_ENABLE_MODULES = YES;
				CODE_SIGN_STYLE = Manual;
				DEVELOPMENT_TEAM = "";
				ENV = STG;
				INFOPLIST_FILE = FisherMan/Resources/Info.plist;
				LD_RUNPATH_SEARCH_PATHS = (
					"$(inherited)",
					"@executable_path/Frameworks",
				);
				PRODUCT_BUNDLE_IDENTIFIER = com.GYS.FisherMan;
				PRODUCT_NAME = "$(TARGET_NAME)";
				PROVISIONING_PROFILE_SPECIFIER = "";
				SWIFT_VERSION = 5.0;
				TARGETED_DEVICE_FAMILY = 1;
			};
			name = STG;
		};
		56762AF6238720A9000E8501 /* PROD */ = {
			isa = XCBuildConfiguration;
			buildSettings = {
				ALWAYS_SEARCH_USER_PATHS = NO;
				CLANG_ANALYZER_NONNULL = YES;
				CLANG_ANALYZER_NUMBER_OBJECT_CONVERSION = YES_AGGRESSIVE;
				CLANG_CXX_LANGUAGE_STANDARD = "gnu++14";
				CLANG_CXX_LIBRARY = "libc++";
				CLANG_ENABLE_MODULES = YES;
				CLANG_ENABLE_OBJC_ARC = YES;
				CLANG_ENABLE_OBJC_WEAK = YES;
				CLANG_WARN_BLOCK_CAPTURE_AUTORELEASING = YES;
				CLANG_WARN_BOOL_CONVERSION = YES;
				CLANG_WARN_COMMA = YES;
				CLANG_WARN_CONSTANT_CONVERSION = YES;
				CLANG_WARN_DEPRECATED_OBJC_IMPLEMENTATIONS = YES;
				CLANG_WARN_DIRECT_OBJC_ISA_USAGE = YES_ERROR;
				CLANG_WARN_DOCUMENTATION_COMMENTS = YES;
				CLANG_WARN_EMPTY_BODY = YES;
				CLANG_WARN_ENUM_CONVERSION = YES;
				CLANG_WARN_INFINITE_RECURSION = YES;
				CLANG_WARN_INT_CONVERSION = YES;
				CLANG_WARN_NON_LITERAL_NULL_CONVERSION = YES;
				CLANG_WARN_OBJC_IMPLICIT_RETAIN_SELF = YES;
				CLANG_WARN_OBJC_LITERAL_CONVERSION = YES;
				CLANG_WARN_OBJC_ROOT_CLASS = YES_ERROR;
				CLANG_WARN_RANGE_LOOP_ANALYSIS = YES;
				CLANG_WARN_STRICT_PROTOTYPES = YES;
				CLANG_WARN_SUSPICIOUS_MOVE = YES;
				CLANG_WARN_UNGUARDED_AVAILABILITY = YES_AGGRESSIVE;
				CLANG_WARN_UNREACHABLE_CODE = YES;
				CLANG_WARN__DUPLICATE_METHOD_MATCH = YES;
				COPY_PHASE_STRIP = NO;
				DEBUG_INFORMATION_FORMAT = "dwarf-with-dsym";
				ENABLE_NS_ASSERTIONS = NO;
				ENABLE_STRICT_OBJC_MSGSEND = YES;
				GCC_C_LANGUAGE_STANDARD = gnu11;
				GCC_NO_COMMON_BLOCKS = YES;
				GCC_WARN_64_TO_32_BIT_CONVERSION = YES;
				GCC_WARN_ABOUT_RETURN_TYPE = YES_ERROR;
				GCC_WARN_UNDECLARED_SELECTOR = YES;
				GCC_WARN_UNINITIALIZED_AUTOS = YES_AGGRESSIVE;
				GCC_WARN_UNUSED_FUNCTION = YES;
				GCC_WARN_UNUSED_VARIABLE = YES;
				IPHONEOS_DEPLOYMENT_TARGET = 13.2;
				MTL_ENABLE_DEBUG_INFO = NO;
				MTL_FAST_MATH = YES;
				SDKROOT = iphoneos;
				SWIFT_COMPILATION_MODE = wholemodule;
				SWIFT_OPTIMIZATION_LEVEL = "-O";
				VALIDATE_PRODUCT = YES;
			};
			name = PROD;
		};
		56762AF7238720A9000E8501 /* PROD */ = {
			isa = XCBuildConfiguration;
			baseConfigurationReference = FEDDBF03E63126229B92D144 /* Pods-FisherMan.prod.xcconfig */;
			buildSettings = {
				ASSETCATALOG_COMPILER_APPICON_NAME = AppIcon;
				CLANG_ENABLE_MODULES = YES;
				CODE_SIGN_STYLE = Manual;
				DEVELOPMENT_TEAM = "";
				ENV = PROD;
				INFOPLIST_FILE = FisherMan/Resources/Info.plist;
				LD_RUNPATH_SEARCH_PATHS = (
					"$(inherited)",
					"@executable_path/Frameworks",
				);
				PRODUCT_BUNDLE_IDENTIFIER = com.GYS.FisherMan;
				PRODUCT_NAME = "$(TARGET_NAME)";
				PROVISIONING_PROFILE_SPECIFIER = "";
				SWIFT_VERSION = 5.0;
				TARGETED_DEVICE_FAMILY = 1;
			};
			name = PROD;
		};
/* End XCBuildConfiguration section */

/* Begin XCConfigurationList section */
		56762AAA23871E3C000E8501 /* Build configuration list for PBXProject "FisherMan" */ = {
			isa = XCConfigurationList;
			buildConfigurations = (
				56762AC123871E3C000E8501 /* DEV */,
				56762AC223871E3C000E8501 /* STG */,
				56762AF6238720A9000E8501 /* PROD */,
			);
			defaultConfigurationIsVisible = 0;
			defaultConfigurationName = STG;
		};
		56762AC323871E3C000E8501 /* Build configuration list for PBXNativeTarget "FisherMan" */ = {
			isa = XCConfigurationList;
			buildConfigurations = (
				56762AC423871E3C000E8501 /* DEV */,
				56762AC523871E3C000E8501 /* STG */,
				56762AF7238720A9000E8501 /* PROD */,
			);
			defaultConfigurationIsVisible = 0;
			defaultConfigurationName = STG;
		};
/* End XCConfigurationList section */
	};
	rootObject = 56762AA723871E3C000E8501 /* Project object */;
}
